{
    "_readme": [
        "This file locks the dependencies of your project to a known state",
        "Read more about it at https://getcomposer.org/doc/01-basic-usage.md#installing-dependencies",
        "This file is @generated automatically"
    ],
    "content-hash": "6eea5212d8e3973994416354d9a65bfc",
    "packages": [
        {
            "name": "brick/math",
            "version": "0.9.2",
            "source": {
                "type": "git",
                "url": "https://github.com/brick/math.git",
                "reference": "dff976c2f3487d42c1db75a3b180e2b9f0e72ce0"
            },
            "dist": {
                "type": "zip",
                "url": "https://api.github.com/repos/brick/math/zipball/dff976c2f3487d42c1db75a3b180e2b9f0e72ce0",
                "reference": "dff976c2f3487d42c1db75a3b180e2b9f0e72ce0",
                "shasum": ""
            },
            "require": {
                "ext-json": "*",
                "php": "^7.1 || ^8.0"
            },
            "require-dev": {
                "php-coveralls/php-coveralls": "^2.2",
                "phpunit/phpunit": "^7.5.15 || ^8.5 || ^9.0",
                "vimeo/psalm": "4.3.2"
            },
            "type": "library",
            "autoload": {
                "psr-4": {
                    "Brick\\Math\\": "src/"
                }
            },
            "notification-url": "https://packagist.org/downloads/",
            "license": [
                "MIT"
            ],
            "description": "Arbitrary-precision arithmetic library",
            "keywords": [
                "Arbitrary-precision",
                "BigInteger",
                "BigRational",
                "arithmetic",
                "bigdecimal",
                "bignum",
                "brick",
                "math"
            ],
            "support": {
                "issues": "https://github.com/brick/math/issues",
                "source": "https://github.com/brick/math/tree/0.9.2"
            },
            "funding": [
                {
                    "url": "https://tidelift.com/funding/github/packagist/brick/math",
                    "type": "tidelift"
                }
            ],
            "time": "2021-01-20T22:51:39+00:00"
        },
        {
            "name": "bridit/values",
            "version": "0.6.0",
            "source": {
                "type": "git",
                "url": "https://github.com/bridit/values.git",
                "reference": "48e354b8fb510b65acde60c50d2f79f2e6756459"
            },
            "dist": {
                "type": "zip",
                "url": "https://api.github.com/repos/bridit/values/zipball/48e354b8fb510b65acde60c50d2f79f2e6756459",
                "reference": "48e354b8fb510b65acde60c50d2f79f2e6756459",
                "shasum": ""
            },
            "require": {
                "php": "^7.2|^8.0"
            },
            "replace": {
                "formapro/values": "*"
            },
            "require-dev": {
                "phpunit/phpunit": "^9.5"
            },
            "type": "library",
            "extra": {
                "branch-alias": {
                    "dev-master": "0.5-dev"
                }
            },
            "autoload": {
                "psr-4": {
                    "Formapro\\Values\\": "src"
                },
                "files": [
                    "src/functions_include.php"
                ]
            },
            "notification-url": "https://packagist.org/downloads/",
            "license": [
                "MIT"
            ],
            "authors": [
                {
                    "name": "Max Kotliar",
                    "email": "kotlyar.maksim@gmail.com"
                }
            ],
            "description": "Alter ego objects. Highly efficient way of building models, api clients and so on",
            "keywords": [
                "model"
            ],
            "support": {
                "source": "https://github.com/bridit/values/tree/0.6.0"
            },
            "time": "2021-04-10T17:50:23+00:00"
        },
        {
            "name": "endyjasmi/cuid",
            "version": "2.1.0",
            "source": {
                "type": "git",
                "url": "https://github.com/endyjasmi/cuid.git",
                "reference": "a425a1071cb07bafc9355e85dd288b5b5d1245f5"
            },
            "dist": {
                "type": "zip",
                "url": "https://api.github.com/repos/endyjasmi/cuid/zipball/a425a1071cb07bafc9355e85dd288b5b5d1245f5",
                "reference": "a425a1071cb07bafc9355e85dd288b5b5d1245f5",
                "shasum": ""
            },
            "require": {
                "php": ">= 5.4"
            },
            "require-dev": {
                "phpunit/phpunit": "4.*",
                "satooshi/php-coveralls": "0.*",
                "squizlabs/php_codesniffer": "1.*"
            },
            "type": "library",
            "autoload": {
                "psr-4": {
                    "EndyJasmi\\": "src/"
                }
            },
            "notification-url": "https://packagist.org/downloads/",
            "license": [
                "MIT"
            ],
            "authors": [
                {
                    "name": "Endy Jasmi",
                    "email": "endyjasmi@gmail.com",
                    "role": "Developer"
                }
            ],
            "description": "Cuid php port",
            "keywords": [
                "UID",
                "cuid",
                "guid",
                "id",
                "uuid"
            ],
            "support": {
                "email": "endyjasmi@gmail.com",
                "issues": "https://github.com/endyjasmi/cuid/issues",
                "source": "https://github.com/endyjasmi/cuid"
            },
            "time": "2020-01-02T02:46:25+00:00"
        },
        {
            "name": "psr/log",
            "version": "1.1.3",
            "source": {
                "type": "git",
                "url": "https://github.com/php-fig/log.git",
                "reference": "0f73288fd15629204f9d42b7055f72dacbe811fc"
            },
            "dist": {
                "type": "zip",
                "url": "https://api.github.com/repos/php-fig/log/zipball/0f73288fd15629204f9d42b7055f72dacbe811fc",
                "reference": "0f73288fd15629204f9d42b7055f72dacbe811fc",
                "shasum": ""
            },
            "require": {
                "php": ">=5.3.0"
            },
            "type": "library",
            "extra": {
                "branch-alias": {
                    "dev-master": "1.1.x-dev"
                }
            },
            "autoload": {
                "psr-4": {
                    "Psr\\Log\\": "Psr/Log/"
                }
            },
            "notification-url": "https://packagist.org/downloads/",
            "license": [
                "MIT"
            ],
            "authors": [
                {
                    "name": "PHP-FIG",
                    "homepage": "http://www.php-fig.org/"
                }
            ],
            "description": "Common interface for logging libraries",
            "homepage": "https://github.com/php-fig/log",
            "keywords": [
                "log",
                "psr",
                "psr-3"
            ],
            "support": {
                "source": "https://github.com/php-fig/log/tree/1.1.3"
            },
            "time": "2020-03-23T09:12:05+00:00"
        },
        {
            "name": "ramsey/collection",
            "version": "1.1.3",
            "source": {
                "type": "git",
                "url": "https://github.com/ramsey/collection.git",
                "reference": "28a5c4ab2f5111db6a60b2b4ec84057e0f43b9c1"
            },
            "dist": {
                "type": "zip",
                "url": "https://api.github.com/repos/ramsey/collection/zipball/28a5c4ab2f5111db6a60b2b4ec84057e0f43b9c1",
                "reference": "28a5c4ab2f5111db6a60b2b4ec84057e0f43b9c1",
                "shasum": ""
            },
            "require": {
                "php": "^7.2 || ^8"
            },
            "require-dev": {
                "captainhook/captainhook": "^5.3",
                "dealerdirect/phpcodesniffer-composer-installer": "^0.7.0",
                "ergebnis/composer-normalize": "^2.6",
                "fakerphp/faker": "^1.5",
                "hamcrest/hamcrest-php": "^2",
                "jangregor/phpstan-prophecy": "^0.8",
                "mockery/mockery": "^1.3",
                "phpstan/extension-installer": "^1",
                "phpstan/phpstan": "^0.12.32",
                "phpstan/phpstan-mockery": "^0.12.5",
                "phpstan/phpstan-phpunit": "^0.12.11",
                "phpunit/phpunit": "^8.5 || ^9",
                "psy/psysh": "^0.10.4",
                "slevomat/coding-standard": "^6.3",
                "squizlabs/php_codesniffer": "^3.5",
                "vimeo/psalm": "^4.4"
            },
            "type": "library",
            "autoload": {
                "psr-4": {
                    "Ramsey\\Collection\\": "src/"
                }
            },
            "notification-url": "https://packagist.org/downloads/",
            "license": [
                "MIT"
            ],
            "authors": [
                {
                    "name": "Ben Ramsey",
                    "email": "ben@benramsey.com",
                    "homepage": "https://benramsey.com"
                }
            ],
            "description": "A PHP 7.2+ library for representing and manipulating collections.",
            "keywords": [
                "array",
                "collection",
                "hash",
                "map",
                "queue",
                "set"
            ],
            "support": {
                "issues": "https://github.com/ramsey/collection/issues",
                "source": "https://github.com/ramsey/collection/tree/1.1.3"
            },
            "funding": [
                {
                    "url": "https://github.com/ramsey",
                    "type": "github"
                },
                {
                    "url": "https://tidelift.com/funding/github/packagist/ramsey/collection",
                    "type": "tidelift"
                }
            ],
            "time": "2021-01-21T17:40:04+00:00"
        },
        {
            "name": "ramsey/uuid",
            "version": "4.1.1",
            "source": {
                "type": "git",
                "url": "https://github.com/ramsey/uuid.git",
                "reference": "cd4032040a750077205918c86049aa0f43d22947"
            },
            "dist": {
                "type": "zip",
                "url": "https://api.github.com/repos/ramsey/uuid/zipball/cd4032040a750077205918c86049aa0f43d22947",
                "reference": "cd4032040a750077205918c86049aa0f43d22947",
                "shasum": ""
            },
            "require": {
                "brick/math": "^0.8 || ^0.9",
                "ext-json": "*",
                "php": "^7.2 || ^8",
                "ramsey/collection": "^1.0",
                "symfony/polyfill-ctype": "^1.8"
            },
            "replace": {
                "rhumsaa/uuid": "self.version"
            },
            "require-dev": {
                "codeception/aspect-mock": "^3",
                "dealerdirect/phpcodesniffer-composer-installer": "^0.6.2 || ^0.7.0",
                "doctrine/annotations": "^1.8",
                "goaop/framework": "^2",
                "mockery/mockery": "^1.3",
                "moontoast/math": "^1.1",
                "paragonie/random-lib": "^2",
                "php-mock/php-mock-mockery": "^1.3",
                "php-mock/php-mock-phpunit": "^2.5",
                "php-parallel-lint/php-parallel-lint": "^1.1",
                "phpbench/phpbench": "^0.17.1",
                "phpstan/extension-installer": "^1.0",
                "phpstan/phpstan": "^0.12",
                "phpstan/phpstan-mockery": "^0.12",
                "phpstan/phpstan-phpunit": "^0.12",
                "phpunit/phpunit": "^8.5",
                "psy/psysh": "^0.10.0",
                "slevomat/coding-standard": "^6.0",
                "squizlabs/php_codesniffer": "^3.5",
                "vimeo/psalm": "3.9.4"
            },
            "suggest": {
                "ext-bcmath": "Enables faster math with arbitrary-precision integers using BCMath.",
                "ext-ctype": "Enables faster processing of character classification using ctype functions.",
                "ext-gmp": "Enables faster math with arbitrary-precision integers using GMP.",
                "ext-uuid": "Enables the use of PeclUuidTimeGenerator and PeclUuidRandomGenerator.",
                "paragonie/random-lib": "Provides RandomLib for use with the RandomLibAdapter",
                "ramsey/uuid-doctrine": "Allows the use of Ramsey\\Uuid\\Uuid as Doctrine field type."
            },
            "type": "library",
            "extra": {
                "branch-alias": {
                    "dev-master": "4.x-dev"
                }
            },
            "autoload": {
                "psr-4": {
                    "Ramsey\\Uuid\\": "src/"
                },
                "files": [
                    "src/functions.php"
                ]
            },
            "notification-url": "https://packagist.org/downloads/",
            "license": [
                "MIT"
            ],
            "description": "A PHP library for generating and working with universally unique identifiers (UUIDs).",
            "homepage": "https://github.com/ramsey/uuid",
            "keywords": [
                "guid",
                "identifier",
                "uuid"
            ],
            "support": {
                "issues": "https://github.com/ramsey/uuid/issues",
                "rss": "https://github.com/ramsey/uuid/releases.atom",
                "source": "https://github.com/ramsey/uuid"
            },
            "funding": [
                {
                    "url": "https://github.com/ramsey",
                    "type": "github"
                }
            ],
            "time": "2020-08-18T17:17:46+00:00"
        },
        {
            "name": "symfony/polyfill-ctype",
            "version": "v1.22.1",
            "source": {
                "type": "git",
                "url": "https://github.com/symfony/polyfill-ctype.git",
                "reference": "c6c942b1ac76c82448322025e084cadc56048b4e"
            },
            "dist": {
                "type": "zip",
                "url": "https://api.github.com/repos/symfony/polyfill-ctype/zipball/c6c942b1ac76c82448322025e084cadc56048b4e",
                "reference": "c6c942b1ac76c82448322025e084cadc56048b4e",
                "shasum": ""
            },
            "require": {
                "php": ">=7.1"
            },
            "suggest": {
                "ext-ctype": "For best performance"
            },
            "type": "library",
            "extra": {
                "branch-alias": {
                    "dev-main": "1.22-dev"
                },
                "thanks": {
                    "name": "symfony/polyfill",
                    "url": "https://github.com/symfony/polyfill"
                }
            },
            "autoload": {
                "psr-4": {
                    "Symfony\\Polyfill\\Ctype\\": ""
                },
                "files": [
                    "bootstrap.php"
                ]
            },
            "notification-url": "https://packagist.org/downloads/",
            "license": [
                "MIT"
            ],
            "authors": [
                {
                    "name": "Gert de Pagter",
                    "email": "BackEndTea@gmail.com"
                },
                {
                    "name": "Symfony Community",
                    "homepage": "https://symfony.com/contributors"
                }
            ],
            "description": "Symfony polyfill for ctype functions",
            "homepage": "https://symfony.com",
            "keywords": [
                "compatibility",
                "ctype",
                "polyfill",
                "portable"
            ],
            "support": {
                "source": "https://github.com/symfony/polyfill-ctype/tree/v1.22.1"
            },
            "funding": [
                {
                    "url": "https://symfony.com/sponsor",
                    "type": "custom"
                },
                {
                    "url": "https://github.com/fabpot",
                    "type": "github"
                },
                {
                    "url": "https://tidelift.com/funding/github/packagist/symfony/symfony",
                    "type": "tidelift"
                }
            ],
            "time": "2021-01-07T16:49:33+00:00"
        }
    ],
    "packages-dev": [
        {
            "name": "enqueue/dsn",
            "version": "0.10.8",
            "source": {
                "type": "git",
                "url": "https://github.com/php-enqueue/dsn.git",
                "reference": "729fabaae6b24189d14598033b174bd72e825e9a"
            },
            "dist": {
                "type": "zip",
                "url": "https://api.github.com/repos/php-enqueue/dsn/zipball/729fabaae6b24189d14598033b174bd72e825e9a",
                "reference": "729fabaae6b24189d14598033b174bd72e825e9a",
                "shasum": ""
            },
            "require": {
                "php": "^7.3|^8.0"
            },
            "require-dev": {
                "phpunit/phpunit": "^9.5"
            },
            "type": "library",
            "extra": {
                "branch-alias": {
                    "dev-master": "0.10.x-dev"
                }
            },
            "autoload": {
                "psr-4": {
                    "Enqueue\\Dsn\\": ""
                },
                "exclude-from-classmap": [
                    "/Tests/"
                ]
            },
            "notification-url": "https://packagist.org/downloads/",
            "license": [
                "MIT"
            ],
            "description": "Parse DSN",
            "homepage": "https://enqueue.forma-pro.com/",
            "keywords": [
                "dsn",
                "parse"
            ],
            "support": {
                "docs": "https://github.com/php-enqueue/enqueue-dev/blob/master/docs/index.md",
                "email": "opensource@forma-pro.com",
                "forum": "https://gitter.im/php-enqueue/Lobby",
                "issues": "https://github.com/php-enqueue/enqueue-dev/issues",
                "source": "https://github.com/php-enqueue/enqueue-dev"
            },
            "time": "2021-02-09T12:01:28+00:00"
        },
        {
            "name": "enqueue/enqueue",
            "version": "0.10.9",
            "source": {
                "type": "git",
                "url": "https://github.com/php-enqueue/enqueue.git",
                "reference": "4bc475f9ebd447951eecc45063a135c089f3f8a0"
            },
            "dist": {
                "type": "zip",
                "url": "https://api.github.com/repos/php-enqueue/enqueue/zipball/4bc475f9ebd447951eecc45063a135c089f3f8a0",
                "reference": "4bc475f9ebd447951eecc45063a135c089f3f8a0",
                "shasum": ""
            },
            "require": {
                "enqueue/dsn": "^0.10",
                "enqueue/null": "^0.10",
                "php": "^7.3|^8.0",
                "psr/container": "^1",
                "psr/log": "^1",
                "queue-interop/amqp-interop": "^0.8.2",
                "queue-interop/queue-interop": "^0.8",
                "ramsey/uuid": "^3.5|^4"
            },
            "require-dev": {
                "empi89/php-amqp-stubs": "*@dev",
                "enqueue/amqp-bunny": "0.10.x-dev",
                "enqueue/amqp-ext": "0.10.x-dev",
                "enqueue/amqp-lib": "0.10.x-dev",
                "enqueue/dbal": "0.10.x-dev",
                "enqueue/dsn": "0.10.x-dev",
                "enqueue/fs": "0.10.x-dev",
                "enqueue/gearman": "0.10.x-dev",
                "enqueue/gps": "0.10.x-dev",
                "enqueue/mongodb": "0.10.x-dev",
                "enqueue/pheanstalk": "0.10.x-dev",
                "enqueue/rdkafka": "0.10.x-dev",
                "enqueue/redis": "0.10.x-dev",
                "enqueue/simple-client": "0.10.x-dev",
                "enqueue/sqs": "0.10.x-dev",
                "enqueue/stomp": "0.10.x-dev",
                "enqueue/test": "0.10.x-dev",
                "phpunit/phpunit": "^9.5",
                "symfony/config": "^4.3|^5",
                "symfony/console": "^4.3|^5",
                "symfony/dependency-injection": "^4.3|^5",
                "symfony/event-dispatcher": "^4.3|^5",
                "symfony/http-kernel": "^4.3|^5",
                "symfony/yaml": "^4.3|^5"
            },
            "suggest": {
                "enqueue/amqp-ext": "AMQP transport (based on php extension)",
                "enqueue/dbal": "Doctrine DBAL transport",
                "enqueue/fs": "Filesystem transport",
                "enqueue/redis": "Redis transport",
                "enqueue/sqs": "Amazon AWS SQS transport",
                "enqueue/stomp": "STOMP transport",
                "symfony/config": "^4.3|^5",
                "symfony/console": "^2.8|^3|^4|^5 If you want to use cli commands",
                "symfony/dependency-injection": "^4.3|^5"
            },
            "type": "library",
            "extra": {
                "branch-alias": {
                    "dev-master": "0.10.x-dev"
                }
            },
            "autoload": {
                "psr-4": {
                    "Enqueue\\": ""
                },
                "exclude-from-classmap": [
                    "/Tests/"
                ]
            },
            "notification-url": "https://packagist.org/downloads/",
            "license": [
                "MIT"
            ],
            "description": "Message Queue Library",
            "homepage": "https://enqueue.forma-pro.com/",
            "keywords": [
                "AMQP",
                "messaging",
                "queue",
                "rabbitmq"
            ],
            "support": {
                "docs": "https://github.com/php-enqueue/enqueue-dev/blob/master/docs/index.md",
                "email": "opensource@forma-pro.com",
                "forum": "https://gitter.im/php-enqueue/Lobby",
                "issues": "https://github.com/php-enqueue/enqueue-dev/issues",
                "source": "https://github.com/php-enqueue/enqueue-dev"
            },
            "time": "2021-02-17T21:24:06+00:00"
        },
        {
            "name": "enqueue/null",
            "version": "0.10.9",
            "source": {
                "type": "git",
                "url": "https://github.com/php-enqueue/null.git",
                "reference": "25614c0b058a8535766b018289a69f288dca97a8"
            },
            "dist": {
                "type": "zip",
                "url": "https://api.github.com/repos/php-enqueue/null/zipball/25614c0b058a8535766b018289a69f288dca97a8",
                "reference": "25614c0b058a8535766b018289a69f288dca97a8",
                "shasum": ""
            },
            "require": {
                "php": "^7.3|^8.0",
                "queue-interop/queue-interop": "^0.8"
            },
            "require-dev": {
                "enqueue/test": "0.10.x-dev",
                "phpunit/phpunit": "^9.5",
                "queue-interop/queue-spec": "^0.6.2"
            },
            "type": "library",
            "extra": {
                "branch-alias": {
                    "dev-master": "0.10.x-dev"
                }
            },
            "autoload": {
                "psr-4": {
                    "Enqueue\\Null\\": ""
                },
                "exclude-from-classmap": [
                    "/Tests/"
                ]
            },
            "notification-url": "https://packagist.org/downloads/",
            "license": [
                "MIT"
            ],
            "description": "Enqueue Null transport",
            "homepage": "https://enqueue.forma-pro.com/",
            "keywords": [
                "messaging",
                "queue",
                "testing"
            ],
            "support": {
                "docs": "https://github.com/php-enqueue/enqueue-dev/blob/master/docs/index.md",
                "email": "opensource@forma-pro.com",
                "forum": "https://gitter.im/php-enqueue/Lobby",
                "issues": "https://github.com/php-enqueue/enqueue-dev/issues",
                "source": "https://github.com/php-enqueue/enqueue-dev"
            },
            "time": "2021-02-17T21:24:05+00:00"
        },
        {
            "name": "enqueue/simple-client",
            "version": "0.10.9",
            "source": {
                "type": "git",
                "url": "https://github.com/php-enqueue/simple-client.git",
                "reference": "7f1ec132fd9a3db71497f1943b6dd5c246484d2e"
            },
            "dist": {
                "type": "zip",
                "url": "https://api.github.com/repos/php-enqueue/simple-client/zipball/7f1ec132fd9a3db71497f1943b6dd5c246484d2e",
                "reference": "7f1ec132fd9a3db71497f1943b6dd5c246484d2e",
                "shasum": ""
            },
            "require": {
                "enqueue/enqueue": "^0.10",
                "php": "^7.3|^8.0",
                "queue-interop/amqp-interop": "^0.8.2",
                "queue-interop/queue-interop": "^0.8",
                "symfony/config": "^4.3|^5"
            },
            "require-dev": {
                "enqueue/amqp-ext": "0.10.x-dev",
                "enqueue/fs": "0.10.x-dev",
                "enqueue/null": "0.10.x-dev",
                "enqueue/test": "0.10.x-dev",
                "phpunit/phpunit": "^9.5",
                "symfony/yaml": "^4.3|^5"
            },
            "type": "library",
            "extra": {
                "branch-alias": {
                    "dev-master": "0.10.x-dev"
                }
            },
            "autoload": {
                "psr-4": {
                    "Enqueue\\SimpleClient\\": ""
                },
                "exclude-from-classmap": [
                    "/Tests/"
                ]
            },
            "notification-url": "https://packagist.org/downloads/",
            "license": [
                "MIT"
            ],
            "description": "Message Queue Simple Client",
            "homepage": "https://enqueue.forma-pro.com/",
            "keywords": [
                "AMQP",
                "messaging",
                "queue",
                "rabbitmq"
            ],
            "support": {
                "docs": "https://github.com/php-enqueue/enqueue-dev/blob/master/docs/index.md",
                "email": "opensource@forma-pro.com",
                "forum": "https://gitter.im/php-enqueue/Lobby",
                "issues": "https://github.com/php-enqueue/enqueue-dev/issues",
                "source": "https://github.com/php-enqueue/enqueue-dev"
            },
            "time": "2021-02-17T21:24:06+00:00"
        },
        {
            "name": "psr/container",
            "version": "1.1.1",
            "source": {
                "type": "git",
                "url": "https://github.com/php-fig/container.git",
                "reference": "8622567409010282b7aeebe4bb841fe98b58dcaf"
            },
            "dist": {
                "type": "zip",
                "url": "https://api.github.com/repos/php-fig/container/zipball/8622567409010282b7aeebe4bb841fe98b58dcaf",
                "reference": "8622567409010282b7aeebe4bb841fe98b58dcaf",
                "shasum": ""
            },
            "require": {
                "php": ">=7.2.0"
            },
            "type": "library",
            "autoload": {
                "psr-4": {
                    "Psr\\Container\\": "src/"
                }
            },
            "notification-url": "https://packagist.org/downloads/",
            "license": [
                "MIT"
            ],
            "authors": [
                {
                    "name": "PHP-FIG",
                    "homepage": "https://www.php-fig.org/"
                }
            ],
            "description": "Common Container Interface (PHP FIG PSR-11)",
            "homepage": "https://github.com/php-fig/container",
            "keywords": [
                "PSR-11",
                "container",
                "container-interface",
                "container-interop",
                "psr"
            ],
            "support": {
                "issues": "https://github.com/php-fig/container/issues",
                "source": "https://github.com/php-fig/container/tree/1.1.1"
            },
            "time": "2021-03-05T17:36:06+00:00"
        },
        {
            "name": "queue-interop/amqp-interop",
            "version": "0.8.2",
            "source": {
                "type": "git",
                "url": "https://github.com/queue-interop/amqp-interop.git",
                "reference": "a893c72832784ca846fcc1bd86274a6a449a1ab7"
            },
            "dist": {
                "type": "zip",
                "url": "https://api.github.com/repos/queue-interop/amqp-interop/zipball/a893c72832784ca846fcc1bd86274a6a449a1ab7",
                "reference": "a893c72832784ca846fcc1bd86274a6a449a1ab7",
                "shasum": ""
            },
            "require": {
                "php": "^7.3 | ^8.0",
                "queue-interop/queue-interop": "^0.7|^0.8|^0.9"
            },
            "require-dev": {
                "phpunit/phpunit": "~9.0"
            },
            "type": "library",
            "extra": {
                "branch-alias": {
                    "dev-master": "0.8.x-dev"
                }
            },
            "autoload": {
                "psr-4": {
                    "Interop\\Amqp\\": "src/"
                }
            },
            "notification-url": "https://packagist.org/downloads/",
            "license": [
                "MIT"
            ],
            "description": "AMQP interop",
            "support": {
                "issues": "https://github.com/queue-interop/amqp-interop/issues",
                "source": "https://github.com/queue-interop/amqp-interop/tree/0.8.2"
            },
            "time": "2021-01-21T11:33:30+00:00"
        },
        {
            "name": "queue-interop/queue-interop",
            "version": "0.8.1",
            "source": {
                "type": "git",
                "url": "https://github.com/queue-interop/queue-interop.git",
                "reference": "117043fd38490f8b5516622cd4b697b33a89ce2b"
            },
            "dist": {
                "type": "zip",
                "url": "https://api.github.com/repos/queue-interop/queue-interop/zipball/117043fd38490f8b5516622cd4b697b33a89ce2b",
                "reference": "117043fd38490f8b5516622cd4b697b33a89ce2b",
                "shasum": ""
            },
            "require": {
                "php": "^7.1.3 || ^8.0"
            },
            "require-dev": {
                "phpunit/phpunit": "^5.5 || ^6.0 || ^7.0 || ^8.0 || ^9.0",
                "queue-interop/queue-spec": "^0.6@dev"
            },
            "type": "library",
            "extra": {
                "branch-alias": {
                    "dev-master": "0.7-dev"
                }
            },
            "autoload": {
                "psr-4": {
                    "Interop\\Queue\\": "src/"
                }
            },
            "notification-url": "https://packagist.org/downloads/",
            "license": [
                "MIT"
            ],
            "description": "Promoting the interoperability of MQs objects. Based on Java JMS",
            "homepage": "https://github.com/queue-interop/queue-interop",
            "keywords": [
                "MQ",
                "jms",
                "message queue",
                "messaging",
                "queue"
            ],
            "support": {
                "issues": "https://github.com/queue-interop/queue-interop/issues",
                "source": "https://github.com/queue-interop/queue-interop/tree/0.8.1"
            },
            "time": "2020-12-21T13:14:51+00:00"
        },
        {
            "name": "symfony/config",
            "version": "v5.2.7",
            "source": {
                "type": "git",
                "url": "https://github.com/symfony/config.git",
                "reference": "3817662ada105c8c4d1afdb4ec003003efd1d8d8"
            },
            "dist": {
                "type": "zip",
                "url": "https://api.github.com/repos/symfony/config/zipball/3817662ada105c8c4d1afdb4ec003003efd1d8d8",
                "reference": "3817662ada105c8c4d1afdb4ec003003efd1d8d8",
                "shasum": ""
            },
            "require": {
                "php": ">=7.2.5",
                "symfony/deprecation-contracts": "^2.1",
                "symfony/filesystem": "^4.4|^5.0",
                "symfony/polyfill-ctype": "~1.8",
                "symfony/polyfill-php80": "^1.15"
            },
            "conflict": {
                "symfony/finder": "<4.4"
            },
            "require-dev": {
                "symfony/event-dispatcher": "^4.4|^5.0",
                "symfony/finder": "^4.4|^5.0",
                "symfony/messenger": "^4.4|^5.0",
                "symfony/service-contracts": "^1.1|^2",
                "symfony/yaml": "^4.4|^5.0"
            },
            "suggest": {
                "symfony/yaml": "To use the yaml reference dumper"
            },
            "type": "library",
            "autoload": {
                "psr-4": {
                    "Symfony\\Component\\Config\\": ""
                },
                "exclude-from-classmap": [
                    "/Tests/"
                ]
            },
            "notification-url": "https://packagist.org/downloads/",
            "license": [
                "MIT"
            ],
            "authors": [
                {
                    "name": "Fabien Potencier",
                    "email": "fabien@symfony.com"
                },
                {
                    "name": "Symfony Community",
                    "homepage": "https://symfony.com/contributors"
                }
            ],
            "description": "Helps you find, load, combine, autofill and validate configuration values of any kind",
            "homepage": "https://symfony.com",
            "support": {
                "source": "https://github.com/symfony/config/tree/v5.2.7"
            },
            "funding": [
                {
                    "url": "https://symfony.com/sponsor",
                    "type": "custom"
                },
                {
                    "url": "https://github.com/fabpot",
                    "type": "github"
                },
                {
                    "url": "https://tidelift.com/funding/github/packagist/symfony/symfony",
                    "type": "tidelift"
                }
            ],
            "time": "2021-04-07T16:07:52+00:00"
        },
        {
            "name": "symfony/deprecation-contracts",
            "version": "v2.4.0",
            "source": {
                "type": "git",
                "url": "https://github.com/symfony/deprecation-contracts.git",
                "reference": "5f38c8804a9e97d23e0c8d63341088cd8a22d627"
            },
            "dist": {
                "type": "zip",
                "url": "https://api.github.com/repos/symfony/deprecation-contracts/zipball/5f38c8804a9e97d23e0c8d63341088cd8a22d627",
                "reference": "5f38c8804a9e97d23e0c8d63341088cd8a22d627",
                "shasum": ""
            },
            "require": {
                "php": ">=7.1"
            },
            "type": "library",
            "extra": {
                "branch-alias": {
                    "dev-main": "2.4-dev"
                },
                "thanks": {
                    "name": "symfony/contracts",
                    "url": "https://github.com/symfony/contracts"
                }
            },
            "autoload": {
                "files": [
                    "function.php"
                ]
            },
            "notification-url": "https://packagist.org/downloads/",
            "license": [
                "MIT"
            ],
            "authors": [
                {
                    "name": "Nicolas Grekas",
                    "email": "p@tchwork.com"
                },
                {
                    "name": "Symfony Community",
                    "homepage": "https://symfony.com/contributors"
                }
            ],
            "description": "A generic function and convention to trigger deprecation notices",
            "homepage": "https://symfony.com",
            "support": {
                "source": "https://github.com/symfony/deprecation-contracts/tree/v2.4.0"
            },
            "funding": [
                {
                    "url": "https://symfony.com/sponsor",
                    "type": "custom"
                },
                {
                    "url": "https://github.com/fabpot",
                    "type": "github"
                },
                {
                    "url": "https://tidelift.com/funding/github/packagist/symfony/symfony",
                    "type": "tidelift"
                }
            ],
            "time": "2021-03-23T23:28:01+00:00"
        },
        {
            "name": "symfony/filesystem",
            "version": "v5.2.7",
            "source": {
                "type": "git",
                "url": "https://github.com/symfony/filesystem.git",
                "reference": "056e92acc21d977c37e6ea8e97374b2a6c8551b0"
            },
            "dist": {
                "type": "zip",
                "url": "https://api.github.com/repos/symfony/filesystem/zipball/056e92acc21d977c37e6ea8e97374b2a6c8551b0",
                "reference": "056e92acc21d977c37e6ea8e97374b2a6c8551b0",
                "shasum": ""
            },
            "require": {
                "php": ">=7.2.5",
                "symfony/polyfill-ctype": "~1.8"
            },
            "type": "library",
            "autoload": {
                "psr-4": {
                    "Symfony\\Component\\Filesystem\\": ""
                },
                "exclude-from-classmap": [
                    "/Tests/"
                ]
            },
            "notification-url": "https://packagist.org/downloads/",
            "license": [
                "MIT"
            ],
            "authors": [
                {
                    "name": "Fabien Potencier",
                    "email": "fabien@symfony.com"
                },
                {
                    "name": "Symfony Community",
                    "homepage": "https://symfony.com/contributors"
                }
            ],
            "description": "Provides basic utilities for the filesystem",
            "homepage": "https://symfony.com",
            "support": {
                "source": "https://github.com/symfony/filesystem/tree/v5.2.7"
            },
            "funding": [
                {
                    "url": "https://symfony.com/sponsor",
                    "type": "custom"
                },
                {
                    "url": "https://github.com/fabpot",
                    "type": "github"
                },
                {
                    "url": "https://tidelift.com/funding/github/packagist/symfony/symfony",
                    "type": "tidelift"
                }
            ],
            "time": "2021-04-01T10:42:13+00:00"
        },
        {
            "name": "symfony/polyfill-php80",
            "version": "v1.22.1",
            "source": {
                "type": "git",
                "url": "https://github.com/symfony/polyfill-php80.git",
                "reference": "dc3063ba22c2a1fd2f45ed856374d79114998f91"
            },
            "dist": {
                "type": "zip",
                "url": "https://api.github.com/repos/symfony/polyfill-php80/zipball/dc3063ba22c2a1fd2f45ed856374d79114998f91",
                "reference": "dc3063ba22c2a1fd2f45ed856374d79114998f91",
                "shasum": ""
            },
            "require": {
                "php": ">=7.1"
            },
            "type": "library",
            "extra": {
                "branch-alias": {
                    "dev-main": "1.22-dev"
                },
                "thanks": {
                    "name": "symfony/polyfill",
                    "url": "https://github.com/symfony/polyfill"
                }
            },
            "autoload": {
                "psr-4": {
                    "Symfony\\Polyfill\\Php80\\": ""
                },
                "files": [
                    "bootstrap.php"
                ],
                "classmap": [
                    "Resources/stubs"
                ]
            },
            "notification-url": "https://packagist.org/downloads/",
            "license": [
                "MIT"
            ],
            "authors": [
                {
                    "name": "Ion Bazan",
                    "email": "ion.bazan@gmail.com"
                },
                {
                    "name": "Nicolas Grekas",
                    "email": "p@tchwork.com"
                },
                {
                    "name": "Symfony Community",
                    "homepage": "https://symfony.com/contributors"
                }
            ],
            "description": "Symfony polyfill backporting some PHP 8.0+ features to lower PHP versions",
            "homepage": "https://symfony.com",
            "keywords": [
                "compatibility",
                "polyfill",
                "portable",
                "shim"
            ],
            "support": {
                "source": "https://github.com/symfony/polyfill-php80/tree/v1.22.1"
            },
            "funding": [
                {
                    "url": "https://symfony.com/sponsor",
                    "type": "custom"
                },
                {
                    "url": "https://github.com/fabpot",
                    "type": "github"
                },
                {
                    "url": "https://tidelift.com/funding/github/packagist/symfony/symfony",
                    "type": "tidelift"
                }
            ],
            "time": "2021-01-07T16:49:33+00:00"
        }
    ],
    "aliases": [],
    "minimum-stability": "stable",
    "stability-flags": [],
    "prefer-stable": false,
    "prefer-lowest": false,
    "platform": {
        "php": "^8.0"
    },
    "platform-dev": [],
    "plugin-api-version": "2.3.0"
}
