{
    "_readme": [
        "This file locks the dependencies of your project to a known state",
        "Read more about it at https://getcomposer.org/doc/01-basic-usage.md#installing-dependencies",
        "This file is @generated automatically"
    ],
    "content-hash": "94e53072aa51ffd81de45d35f79cdeea",
    "packages": [
        {
            "name": "brick/math",
            "version": "1.0.0",
            "source": {
                "type": "git",
                "url": "https://github.com/brick/math.git",
                "reference": "2effe05d2177c451b86c6a073196a4034c02f211"
            },
            "dist": {
                "type": "zip",
                "url": "https://api.github.com/repos/brick/math/zipball/2effe05d2177c451b86c6a073196a4034c02f211",
                "reference": "2effe05d2177c451b86c6a073196a4034c02f211",
                "shasum": ""
            },
            "require": {
                "php": "^8.2"
            },
            "require-dev": {
                "phpstan/phpstan": "2.2.13",
                "phpstan/phpstan-phpunit": "2.0.18",
                "phpunit/phpunit": "^11.5"
            },
            "type": "library",
            "autoload": {
                "psr-4": {
                    "Brick\\Math\\": "src/"
                }
            },
            "notification-url": "https://packagist.org/downloads/",
            "license": [
                "MIT"
            ],
            "description": "Arbitrary-precision arithmetic library",
            "keywords": [
                "Arbitrary-precision",
                "BigInteger",
                "BigRational",
                "arithmetic",
                "bigdecimal",
                "bignum",
                "bignumber",
                "brick",
                "decimal",
                "integer",
                "math",
                "mathematics",
                "rational"
            ],
            "support": {
                "issues": "https://github.com/brick/math/issues",
                "source": "https://github.com/brick/math/tree/1.0.0"
            },
            "funding": [
                {
                    "url": "https://github.com/BenMorel",
                    "type": "github"
                }
            ],
            "time": "2026-09-12T10:28:18+00:00"
        },
        {
            "name": "bridit/values",
            "version": "0.6.1",
            "source": {
                "type": "git",
                "url": "https://github.com/bridit/values.git",
                "reference": "b2ced8c199d6099e8e3588f132fe21ed045b2912"
            },
            "dist": {
                "type": "zip",
                "url": "https://api.github.com/repos/bridit/values/zipball/b2ced8c199d6099e8e3588f132fe21ed045b2912",
                "reference": "b2ced8c199d6099e8e3588f132fe21ed045b2912",
                "shasum": ""
            },
            "require": {
                "php": "^7.2|^8.0"
            },
            "replace": {
                "formapro/values": "*"
            },
            "require-dev": {
                "phpunit/phpunit": "^9.5"
            },
            "type": "library",
            "extra": {
                "branch-alias": {
                    "dev-master": "0.5-dev"
                }
            },
            "autoload": {
                "files": [
                    "src/functions_include.php"
                ],
                "psr-4": {
                    "Formapro\\Values\\": "src"
                }
            },
            "notification-url": "https://packagist.org/downloads/",
            "license": [
                "MIT"
            ],
            "authors": [
                {
                    "name": "Max Kotliar",
                    "email": "kotlyar.maksim@gmail.com"
                }
            ],
            "description": "Alter ego objects. Highly efficient way of building models, api clients and so on",
            "keywords": [
                "model"
            ],
            "support": {
                "source": "https://github.com/bridit/values/tree/0.6.1"
            },
            "time": "2021-05-17T20:39:16+00:00"
        },
        {
            "name": "psr/log",
            "version": "3.0.2",
            "source": {
                "type": "git",
                "url": "https://github.com/php-fig/log.git",
                "reference": "f16e1d5863e37f8d8c2a01719f5b34baa2b714d3"
            },
            "dist": {
                "type": "zip",
                "url": "https://api.github.com/repos/php-fig/log/zipball/f16e1d5863e37f8d8c2a01719f5b34baa2b714d3",
                "reference": "f16e1d5863e37f8d8c2a01719f5b34baa2b714d3",
                "shasum": ""
            },
            "require": {
                "php": ">=8.0.0"
            },
            "type": "library",
            "extra": {
                "branch-alias": {
                    "dev-master": "3.x-dev"
                }
            },
            "autoload": {
                "psr-4": {
                    "Psr\\Log\\": "src"
                }
            },
            "notification-url": "https://packagist.org/downloads/",
            "license": [
                "MIT"
            ],
            "authors": [
                {
                    "name": "PHP-FIG",
                    "homepage": "https://www.php-fig.org/"
                }
            ],
            "description": "Common interface for logging libraries",
            "homepage": "https://github.com/php-fig/log",
            "keywords": [
                "log",
                "psr",
                "psr-3"
            ],
            "support": {
                "source": "https://github.com/php-fig/log/tree/3.0.2"
            },
            "time": "2024-09-11T13:17:53+00:00"
        },
        {
            "name": "ramsey/collection",
            "version": "2.1.1",
            "source": {
                "type": "git",
                "url": "https://github.com/ramsey/collection.git",
                "reference": "344572933ad0181accbf4ba763e85a0306a8c5e2"
            },
            "dist": {
                "type": "zip",
                "url": "https://api.github.com/repos/ramsey/collection/zipball/344572933ad0181accbf4ba763e85a0306a8c5e2",
                "reference": "344572933ad0181accbf4ba763e85a0306a8c5e2",
                "shasum": ""
            },
            "require": {
                "php": "^8.1"
            },
            "require-dev": {
                "captainhook/plugin-composer": "^5.3",
                "ergebnis/composer-normalize": "^2.45",
                "fakerphp/faker": "^1.24",
                "hamcrest/hamcrest-php": "^2.0",
                "jangregor/phpstan-prophecy": "^2.1",
                "mockery/mockery": "^1.6",
                "php-parallel-lint/php-console-highlighter": "^1.0",
                "php-parallel-lint/php-parallel-lint": "^1.4",
                "phpspec/prophecy-phpunit": "^2.3",
                "phpstan/extension-installer": "^1.4",
                "phpstan/phpstan": "^2.1",
                "phpstan/phpstan-mockery": "^2.0",
                "phpstan/phpstan-phpunit": "^2.0",
                "phpunit/phpunit": "^10.5",
                "ramsey/coding-standard": "^2.3",
                "ramsey/conventional-commits": "^1.6",
                "roave/security-advisories": "dev-latest"
            },
            "type": "library",
            "extra": {
                "captainhook": {
                    "force-install": true
                },
                "ramsey/conventional-commits": {
                    "configFile": "conventional-commits.json"
                }
            },
            "autoload": {
                "psr-4": {
                    "Ramsey\\Collection\\": "src/"
                }
            },
            "notification-url": "https://packagist.org/downloads/",
            "license": [
                "MIT"
            ],
            "authors": [
                {
                    "name": "Ben Ramsey",
                    "email": "ben@benramsey.com",
                    "homepage": "https://benramsey.com"
                }
            ],
            "description": "A PHP library for representing and manipulating collections.",
            "keywords": [
                "array",
                "collection",
                "hash",
                "map",
                "queue",
                "set"
            ],
            "support": {
                "issues": "https://github.com/ramsey/collection/issues",
                "source": "https://github.com/ramsey/collection/tree/2.1.1"
            },
            "time": "2025-03-22T05:38:12+00:00"
        },
        {
            "name": "ramsey/uuid",
            "version": "4.9.4",
            "source": {
                "type": "git",
                "url": "https://github.com/ramsey/uuid.git",
                "reference": "75d73f48d02797c2c285a7e9f348fadc0102ffe2"
            },
            "dist": {
                "type": "zip",
                "url": "https://api.github.com/repos/ramsey/uuid/zipball/75d73f48d02797c2c285a7e9f348fadc0102ffe2",
                "reference": "75d73f48d02797c2c285a7e9f348fadc0102ffe2",
                "shasum": ""
            },
            "require": {
                "brick/math": "^0.8.16 || ^0.9 || ^0.10 || ^0.11 || ^0.12 || ^0.13 || ^0.14 || ^0.15 || ^0.16 || ^0.17 || ^0.18 || ^0.19 || ^0.20 || ^1.0",
                "php": "^8.0",
                "ramsey/collection": "^1.2 || ^2.0"
            },
            "replace": {
                "rhumsaa/uuid": "self.version"
            },
            "require-dev": {
                "captainhook/captainhook": "^5.25",
                "captainhook/plugin-composer": "^5.3",
                "dealerdirect/phpcodesniffer-composer-installer": "^1.0",
                "ergebnis/composer-normalize": "^2.47",
                "mockery/mockery": "^1.6",
                "paragonie/random-lib": "^2",
                "php-mock/php-mock": "^2.6",
                "php-mock/php-mock-mockery": "^1.5",
                "php-parallel-lint/php-parallel-lint": "^1.4.0",
                "phpbench/phpbench": "^1.2.14",
                "phpstan/extension-installer": "^1.4",
                "phpstan/phpstan": "^2.1",
                "phpstan/phpstan-mockery": "^2.0",
                "phpstan/phpstan-phpunit": "^2.0",
                "phpunit/phpunit": "^9.6",
                "slevomat/coding-standard": "^8.18",
                "squizlabs/php_codesniffer": "^3.13"
            },
            "suggest": {
                "ext-bcmath": "Enables faster math with arbitrary-precision integers using BCMath.",
                "ext-gmp": "Enables faster math with arbitrary-precision integers using GMP.",
                "ext-uuid": "Enables the use of PeclUuidTimeGenerator and PeclUuidRandomGenerator.",
                "paragonie/random-lib": "Provides RandomLib for use with the RandomLibAdapter",
                "ramsey/uuid-doctrine": "Allows the use of Ramsey\\Uuid\\Uuid as Doctrine field type."
            },
            "type": "library",
            "extra": {
                "captainhook": {
                    "force-install": true
                }
            },
            "autoload": {
                "files": [
                    "src/functions.php"
                ],
                "psr-4": {
                    "Ramsey\\Uuid\\": "src/"
                }
            },
            "notification-url": "https://packagist.org/downloads/",
            "license": [
                "MIT"
            ],
            "description": "A PHP library for generating and working with universally unique identifiers (UUIDs).",
            "keywords": [
                "guid",
                "identifier",
                "uuid"
            ],
            "support": {
                "issues": "https://github.com/ramsey/uuid/issues",
                "source": "https://github.com/ramsey/uuid/tree/4.9.4"
            },
            "time": "2026-09-16T11:39:30+00:00"
        }
    ],
    "packages-dev": [
        {
            "name": "enqueue/dsn",
            "version": "0.10.27",
            "source": {
                "type": "git",
                "url": "https://github.com/php-enqueue/dsn.git",
                "reference": "43e223c984bec7095d6a0d4ff70bb3d9e084fb30"
            },
            "dist": {
                "type": "zip",
                "url": "https://api.github.com/repos/php-enqueue/dsn/zipball/43e223c984bec7095d6a0d4ff70bb3d9e084fb30",
                "reference": "43e223c984bec7095d6a0d4ff70bb3d9e084fb30",
                "shasum": ""
            },
            "require": {
                "php": "^8.0"
            },
            "require-dev": {
                "phpunit/phpunit": "^9.5"
            },
            "type": "library",
            "extra": {
                "branch-alias": {
                    "dev-master": "0.10.x-dev"
                }
            },
            "autoload": {
                "psr-4": {
                    "Enqueue\\Dsn\\": ""
                },
                "exclude-from-classmap": [
                    "/Tests/"
                ]
            },
            "notification-url": "https://packagist.org/downloads/",
            "license": [
                "MIT"
            ],
            "description": "Parse DSN",
            "homepage": "https://enqueue.forma-pro.com/",
            "keywords": [
                "dsn",
                "parse"
            ],
            "support": {
                "docs": "https://github.com/php-enqueue/enqueue-dev/blob/master/docs/index.md",
                "email": "opensource@forma-pro.com",
                "forum": "https://gitter.im/php-enqueue/Lobby",
                "issues": "https://github.com/php-enqueue/enqueue-dev/issues",
                "source": "https://github.com/php-enqueue/enqueue-dev"
            },
            "time": "2025-12-21T18:13:12+00:00"
        },
        {
            "name": "enqueue/enqueue",
            "version": "0.10.27",
            "source": {
                "type": "git",
                "url": "https://github.com/php-enqueue/enqueue.git",
                "reference": "bf766bdea8c0b75ae8d9e656648b9fddea2340b9"
            },
            "dist": {
                "type": "zip",
                "url": "https://api.github.com/repos/php-enqueue/enqueue/zipball/bf766bdea8c0b75ae8d9e656648b9fddea2340b9",
                "reference": "bf766bdea8c0b75ae8d9e656648b9fddea2340b9",
                "shasum": ""
            },
            "require": {
                "enqueue/dsn": "^0.10",
                "enqueue/null": "^0.10",
                "php": "^8.1",
                "psr/container": "^1.1 || ^2.0",
                "psr/log": "^1.0 || ^2.0 || ^3.0",
                "queue-interop/amqp-interop": "^0.8.2",
                "queue-interop/queue-interop": "^0.8",
                "ramsey/uuid": "^3.5|^4"
            },
            "require-dev": {
                "empi89/php-amqp-stubs": "*@dev",
                "enqueue/amqp-bunny": "0.10.x-dev",
                "enqueue/amqp-ext": "0.10.x-dev",
                "enqueue/amqp-lib": "0.10.x-dev",
                "enqueue/dbal": "0.10.x-dev",
                "enqueue/dsn": "0.10.x-dev",
                "enqueue/fs": "0.10.x-dev",
                "enqueue/gearman": "0.10.x-dev",
                "enqueue/gps": "0.10.x-dev",
                "enqueue/mongodb": "0.10.x-dev",
                "enqueue/pheanstalk": "0.10.x-dev",
                "enqueue/rdkafka": "0.10.x-dev",
                "enqueue/redis": "0.10.x-dev",
                "enqueue/simple-client": "0.10.x-dev",
                "enqueue/sqs": "0.10.x-dev",
                "enqueue/stomp": "0.10.x-dev",
                "enqueue/test": "0.10.x-dev",
                "phpunit/phpunit": "^9.5",
                "symfony/config": "^7.0|^8.0",
                "symfony/console": "^7.0|^8.0",
                "symfony/dependency-injection": "^7.0|^8.0",
                "symfony/event-dispatcher": "^7.0|^8.0",
                "symfony/http-kernel": "^7.0|^8.0",
                "symfony/yaml": "^7.0|^8.0"
            },
            "suggest": {
                "enqueue/amqp-ext": "AMQP transport (based on php extension)",
                "enqueue/dbal": "Doctrine DBAL transport",
                "enqueue/fs": "Filesystem transport",
                "enqueue/redis": "Redis transport",
                "enqueue/sqs": "Amazon AWS SQS transport",
                "enqueue/stomp": "STOMP transport",
                "symfony/config": "^7.0|^8.0",
                "symfony/console": "^7.0|^8.0 If you want to use cli commands",
                "symfony/dependency-injection": "^7.0|^8.0"
            },
            "type": "library",
            "extra": {
                "branch-alias": {
                    "dev-master": "0.10.x-dev"
                }
            },
            "autoload": {
                "psr-4": {
                    "Enqueue\\": ""
                },
                "exclude-from-classmap": [
                    "/Tests/"
                ]
            },
            "notification-url": "https://packagist.org/downloads/",
            "license": [
                "MIT"
            ],
            "description": "Message Queue Library",
            "homepage": "https://enqueue.forma-pro.com/",
            "keywords": [
                "AMQP",
                "messaging",
                "queue",
                "rabbitmq"
            ],
            "support": {
                "docs": "https://github.com/php-enqueue/enqueue-dev/blob/master/docs/index.md",
                "email": "opensource@forma-pro.com",
                "forum": "https://gitter.im/php-enqueue/Lobby",
                "issues": "https://github.com/php-enqueue/enqueue-dev/issues",
                "source": "https://github.com/php-enqueue/enqueue-dev"
            },
            "time": "2025-12-21T18:13:12+00:00"
        },
        {
            "name": "enqueue/null",
            "version": "0.10.27",
            "source": {
                "type": "git",
                "url": "https://github.com/php-enqueue/null.git",
                "reference": "25d9df714fcf607682e58c67bb55791fb60289c1"
            },
            "dist": {
                "type": "zip",
                "url": "https://api.github.com/repos/php-enqueue/null/zipball/25d9df714fcf607682e58c67bb55791fb60289c1",
                "reference": "25d9df714fcf607682e58c67bb55791fb60289c1",
                "shasum": ""
            },
            "require": {
                "php": "^8.1",
                "queue-interop/queue-interop": "^0.8"
            },
            "require-dev": {
                "enqueue/test": "0.10.x-dev",
                "phpunit/phpunit": "^9.5",
                "queue-interop/queue-spec": "^0.6.2"
            },
            "type": "library",
            "extra": {
                "branch-alias": {
                    "dev-master": "0.10.x-dev"
                }
            },
            "autoload": {
                "psr-4": {
                    "Enqueue\\Null\\": ""
                },
                "exclude-from-classmap": [
                    "/Tests/"
                ]
            },
            "notification-url": "https://packagist.org/downloads/",
            "license": [
                "MIT"
            ],
            "description": "Enqueue Null transport",
            "homepage": "https://enqueue.forma-pro.com/",
            "keywords": [
                "messaging",
                "queue",
                "testing"
            ],
            "support": {
                "docs": "https://github.com/php-enqueue/enqueue-dev/blob/master/docs/index.md",
                "email": "opensource@forma-pro.com",
                "forum": "https://gitter.im/php-enqueue/Lobby",
                "issues": "https://github.com/php-enqueue/enqueue-dev/issues",
                "source": "https://github.com/php-enqueue/enqueue-dev"
            },
            "time": "2025-12-21T18:13:12+00:00"
        },
        {
            "name": "enqueue/simple-client",
            "version": "0.10.27",
            "source": {
                "type": "git",
                "url": "https://github.com/php-enqueue/simple-client.git",
                "reference": "01285ca095217cb7895d36b00e8d9f5e518c5492"
            },
            "dist": {
                "type": "zip",
                "url": "https://api.github.com/repos/php-enqueue/simple-client/zipball/01285ca095217cb7895d36b00e8d9f5e518c5492",
                "reference": "01285ca095217cb7895d36b00e8d9f5e518c5492",
                "shasum": ""
            },
            "require": {
                "enqueue/enqueue": "^0.10",
                "php": "^8.1",
                "queue-interop/amqp-interop": "^0.8.2",
                "queue-interop/queue-interop": "^0.8",
                "symfony/config": "^6.0|^7.0"
            },
            "require-dev": {
                "enqueue/amqp-ext": "0.10.x-dev",
                "enqueue/fs": "0.10.x-dev",
                "enqueue/null": "0.10.x-dev",
                "enqueue/test": "0.10.x-dev",
                "phpunit/phpunit": "^9.5",
                "symfony/yaml": "^5.4|^6.0"
            },
            "type": "library",
            "extra": {
                "branch-alias": {
                    "dev-master": "0.10.x-dev"
                }
            },
            "autoload": {
                "psr-4": {
                    "Enqueue\\SimpleClient\\": ""
                },
                "exclude-from-classmap": [
                    "/Tests/"
                ]
            },
            "notification-url": "https://packagist.org/downloads/",
            "license": [
                "MIT"
            ],
            "description": "Message Queue Simple Client",
            "homepage": "https://enqueue.forma-pro.com/",
            "keywords": [
                "AMQP",
                "messaging",
                "queue",
                "rabbitmq"
            ],
            "support": {
                "docs": "https://github.com/php-enqueue/enqueue-dev/blob/master/docs/index.md",
                "email": "opensource@forma-pro.com",
                "forum": "https://gitter.im/php-enqueue/Lobby",
                "issues": "https://github.com/php-enqueue/enqueue-dev/issues",
                "source": "https://github.com/php-enqueue/enqueue-dev"
            },
            "time": "2025-12-19T12:06:05+00:00"
        },
        {
            "name": "psr/container",
            "version": "2.0.2",
            "source": {
                "type": "git",
                "url": "https://github.com/php-fig/container.git",
                "reference": "c71ecc56dfe541dbd90c5360474fbc405f8d5963"
            },
            "dist": {
                "type": "zip",
                "url": "https://api.github.com/repos/php-fig/container/zipball/c71ecc56dfe541dbd90c5360474fbc405f8d5963",
                "reference": "c71ecc56dfe541dbd90c5360474fbc405f8d5963",
                "shasum": ""
            },
            "require": {
                "php": ">=7.4.0"
            },
            "type": "library",
            "extra": {
                "branch-alias": {
                    "dev-master": "2.0.x-dev"
                }
            },
            "autoload": {
                "psr-4": {
                    "Psr\\Container\\": "src/"
                }
            },
            "notification-url": "https://packagist.org/downloads/",
            "license": [
                "MIT"
            ],
            "authors": [
                {
                    "name": "PHP-FIG",
                    "homepage": "https://www.php-fig.org/"
                }
            ],
            "description": "Common Container Interface (PHP FIG PSR-11)",
            "homepage": "https://github.com/php-fig/container",
            "keywords": [
                "PSR-11",
                "container",
                "container-interface",
                "container-interop",
                "psr"
            ],
            "support": {
                "issues": "https://github.com/php-fig/container/issues",
                "source": "https://github.com/php-fig/container/tree/2.0.2"
            },
            "time": "2021-11-05T16:47:00+00:00"
        },
        {
            "name": "queue-interop/amqp-interop",
            "version": "0.8.3",
            "source": {
                "type": "git",
                "url": "https://github.com/queue-interop/amqp-interop.git",
                "reference": "59ae27175683d06651a5dddcc2e125f05207f419"
            },
            "dist": {
                "type": "zip",
                "url": "https://api.github.com/repos/queue-interop/amqp-interop/zipball/59ae27175683d06651a5dddcc2e125f05207f419",
                "reference": "59ae27175683d06651a5dddcc2e125f05207f419",
                "shasum": ""
            },
            "require": {
                "php": "^7.3 | ^8.0",
                "queue-interop/queue-interop": "^0.7|^0.8|^0.9"
            },
            "require-dev": {
                "phpunit/phpunit": "~9.0"
            },
            "type": "library",
            "extra": {
                "branch-alias": {
                    "dev-master": "0.8.x-dev"
                }
            },
            "autoload": {
                "psr-4": {
                    "Interop\\Amqp\\": "src/"
                }
            },
            "notification-url": "https://packagist.org/downloads/",
            "license": [
                "MIT"
            ],
            "description": "AMQP interop",
            "support": {
                "issues": "https://github.com/queue-interop/amqp-interop/issues",
                "source": "https://github.com/queue-interop/amqp-interop/tree/0.8.3"
            },
            "time": "2025-02-21T06:34:55+00:00"
        },
        {
            "name": "queue-interop/queue-interop",
            "version": "0.8.2",
            "source": {
                "type": "git",
                "url": "https://github.com/queue-interop/queue-interop.git",
                "reference": "752db86fee6d9fd11d2e34191afe212c64b96fa7"
            },
            "dist": {
                "type": "zip",
                "url": "https://api.github.com/repos/queue-interop/queue-interop/zipball/752db86fee6d9fd11d2e34191afe212c64b96fa7",
                "reference": "752db86fee6d9fd11d2e34191afe212c64b96fa7",
                "shasum": ""
            },
            "require": {
                "php": "^7.1.3 || ^8.0"
            },
            "require-dev": {
                "phpunit/phpunit": "^5.5 || ^6.0 || ^7.0 || ^8.0 || ^9.0",
                "queue-interop/queue-spec": "^0.6@dev"
            },
            "type": "library",
            "extra": {
                "branch-alias": {
                    "dev-master": "0.7-dev"
                }
            },
            "autoload": {
                "psr-4": {
                    "Interop\\Queue\\": "src/"
                }
            },
            "notification-url": "https://packagist.org/downloads/",
            "license": [
                "MIT"
            ],
            "description": "Promoting the interoperability of MQs objects. Based on Java JMS",
            "homepage": "https://github.com/queue-interop/queue-interop",
            "keywords": [
                "MQ",
                "jms",
                "message queue",
                "messaging",
                "queue"
            ],
            "support": {
                "issues": "https://github.com/queue-interop/queue-interop/issues",
                "source": "https://github.com/queue-interop/queue-interop/tree/0.8.2"
            },
            "time": "2025-02-21T08:24:49+00:00"
        },
        {
            "name": "symfony/config",
            "version": "v7.4.17",
            "source": {
                "type": "git",
                "url": "https://github.com/symfony/config.git",
                "reference": "696e12da8eea497a1a3808d714b43ff67a7df43e"
            },
            "dist": {
                "type": "zip",
                "url": "https://api.github.com/repos/symfony/config/zipball/696e12da8eea497a1a3808d714b43ff67a7df43e",
                "reference": "696e12da8eea497a1a3808d714b43ff67a7df43e",
                "shasum": ""
            },
            "require": {
                "php": ">=8.2",
                "symfony/deprecation-contracts": "^2.5|^3",
                "symfony/filesystem": "^7.1|^8.0",
                "symfony/polyfill-ctype": "~1.8"
            },
            "conflict": {
                "symfony/finder": "<6.4",
                "symfony/service-contracts": "<2.5"
            },
            "require-dev": {
                "symfony/event-dispatcher": "^6.4|^7.0|^8.0",
                "symfony/finder": "^6.4|^7.0|^8.0",
                "symfony/messenger": "^6.4|^7.0|^8.0",
                "symfony/service-contracts": "^2.5|^3",
                "symfony/yaml": "^6.4|^7.0|^8.0"
            },
            "type": "library",
            "autoload": {
                "psr-4": {
                    "Symfony\\Component\\Config\\": ""
                },
                "exclude-from-classmap": [
                    "/Tests/"
                ]
            },
            "notification-url": "https://packagist.org/downloads/",
            "license": [
                "MIT"
            ],
            "authors": [
                {
                    "name": "Fabien Potencier",
                    "email": "fabien@symfony.com"
                },
                {
                    "name": "Symfony Community",
                    "homepage": "https://symfony.com/contributors"
                }
            ],
            "description": "Helps you find, load, combine, autofill and validate configuration values of any kind",
            "homepage": "https://symfony.com",
            "support": {
                "source": "https://github.com/symfony/config/tree/v7.4.17"
            },
            "funding": [
                {
                    "url": "https://symfony.com/sponsor",
                    "type": "custom"
                },
                {
                    "url": "https://github.com/fabpot",
                    "type": "github"
                },
                {
                    "url": "https://github.com/nicolas-grekas",
                    "type": "github"
                },
                {
                    "url": "https://tidelift.com/funding/github/packagist/symfony/symfony",
                    "type": "tidelift"
                }
            ],
            "time": "2026-08-20T09:55:18+00:00"
        },
        {
            "name": "symfony/deprecation-contracts",
            "version": "v3.7.1",
            "source": {
                "type": "git",
                "url": "https://github.com/symfony/deprecation-contracts.git",
                "reference": "f3202fa1b5097b0af062dc978b32ecf63404e31d"
            },
            "dist": {
                "type": "zip",
                "url": "https://api.github.com/repos/symfony/deprecation-contracts/zipball/f3202fa1b5097b0af062dc978b32ecf63404e31d",
                "reference": "f3202fa1b5097b0af062dc978b32ecf63404e31d",
                "shasum": ""
            },
            "require": {
                "php": ">=8.1"
            },
            "type": "library",
            "extra": {
                "thanks": {
                    "url": "https://github.com/symfony/contracts",
                    "name": "symfony/contracts"
                },
                "branch-alias": {
                    "dev-main": "3.7-dev"
                }
            },
            "autoload": {
                "files": [
                    "function.php"
                ]
            },
            "notification-url": "https://packagist.org/downloads/",
            "license": [
                "MIT"
            ],
            "authors": [
                {
                    "name": "Nicolas Grekas",
                    "email": "p@tchwork.com"
                },
                {
                    "name": "Symfony Community",
                    "homepage": "https://symfony.com/contributors"
                }
            ],
            "description": "A generic function and convention to trigger deprecation notices",
            "homepage": "https://symfony.com",
            "support": {
                "source": "https://github.com/symfony/deprecation-contracts/tree/v3.7.1"
            },
            "funding": [
                {
                    "url": "https://symfony.com/sponsor",
                    "type": "custom"
                },
                {
                    "url": "https://github.com/fabpot",
                    "type": "github"
                },
                {
                    "url": "https://github.com/nicolas-grekas",
                    "type": "github"
                },
                {
                    "url": "https://tidelift.com/funding/github/packagist/symfony/symfony",
                    "type": "tidelift"
                }
            ],
            "time": "2026-06-05T06:23:12+00:00"
        },
        {
            "name": "symfony/filesystem",
            "version": "v8.1.6",
            "source": {
                "type": "git",
                "url": "https://github.com/symfony/filesystem.git",
                "reference": "7599ebb855fede59413ddb7f15198d67bfcae7ba"
            },
            "dist": {
                "type": "zip",
                "url": "https://api.github.com/repos/symfony/filesystem/zipball/7599ebb855fede59413ddb7f15198d67bfcae7ba",
                "reference": "7599ebb855fede59413ddb7f15198d67bfcae7ba",
                "shasum": ""
            },
            "require": {
                "php": ">=8.4.1",
                "symfony/deprecation-contracts": "^2.5|^3",
                "symfony/polyfill-ctype": "~1.8",
                "symfony/polyfill-mbstring": "~1.8"
            },
            "require-dev": {
                "symfony/process": "^7.4|^8.0"
            },
            "type": "library",
            "autoload": {
                "psr-4": {
                    "Symfony\\Component\\Filesystem\\": ""
                },
                "exclude-from-classmap": [
                    "/Tests/"
                ]
            },
            "notification-url": "https://packagist.org/downloads/",
            "license": [
                "MIT"
            ],
            "authors": [
                {
                    "name": "Fabien Potencier",
                    "email": "fabien@symfony.com"
                },
                {
                    "name": "Symfony Community",
                    "homepage": "https://symfony.com/contributors"
                }
            ],
            "description": "Provides basic utilities for the filesystem",
            "homepage": "https://symfony.com",
            "support": {
                "source": "https://github.com/symfony/filesystem/tree/v8.1.6"
            },
            "funding": [
                {
                    "url": "https://symfony.com/sponsor",
                    "type": "custom"
                },
                {
                    "url": "https://github.com/fabpot",
                    "type": "github"
                },
                {
                    "url": "https://github.com/nicolas-grekas",
                    "type": "github"
                },
                {
                    "url": "https://tidelift.com/funding/github/packagist/symfony/symfony",
                    "type": "tidelift"
                }
            ],
            "time": "2026-08-23T10:06:25+00:00"
        },
        {
            "name": "symfony/polyfill-ctype",
            "version": "v1.37.0",
            "source": {
                "type": "git",
                "url": "https://github.com/symfony/polyfill-ctype.git",
                "reference": "141046a8f9477948ff284fa65be2095baafb94f2"
            },
            "dist": {
                "type": "zip",
                "url": "https://api.github.com/repos/symfony/polyfill-ctype/zipball/141046a8f9477948ff284fa65be2095baafb94f2",
                "reference": "141046a8f9477948ff284fa65be2095baafb94f2",
                "shasum": ""
            },
            "require": {
                "php": ">=7.2"
            },
            "provide": {
                "ext-ctype": "*"
            },
            "suggest": {
                "ext-ctype": "For best performance"
            },
            "type": "library",
            "extra": {
                "thanks": {
                    "url": "https://github.com/symfony/polyfill",
                    "name": "symfony/polyfill"
                }
            },
            "autoload": {
                "files": [
                    "bootstrap.php"
                ],
                "psr-4": {
                    "Symfony\\Polyfill\\Ctype\\": ""
                }
            },
            "notification-url": "https://packagist.org/downloads/",
            "license": [
                "MIT"
            ],
            "authors": [
                {
                    "name": "Gert de Pagter",
                    "email": "BackEndTea@gmail.com"
                },
                {
                    "name": "Symfony Community",
                    "homepage": "https://symfony.com/contributors"
                }
            ],
            "description": "Symfony polyfill for ctype functions",
            "homepage": "https://symfony.com",
            "keywords": [
                "compatibility",
                "ctype",
                "polyfill",
                "portable"
            ],
            "support": {
                "source": "https://github.com/symfony/polyfill-ctype/tree/v1.37.0"
            },
            "funding": [
                {
                    "url": "https://symfony.com/sponsor",
                    "type": "custom"
                },
                {
                    "url": "https://github.com/fabpot",
                    "type": "github"
                },
                {
                    "url": "https://github.com/nicolas-grekas",
                    "type": "github"
                },
                {
                    "url": "https://tidelift.com/funding/github/packagist/symfony/symfony",
                    "type": "tidelift"
                }
            ],
            "time": "2026-04-10T16:19:22+00:00"
        },
        {
            "name": "symfony/polyfill-mbstring",
            "version": "v1.38.2",
            "source": {
                "type": "git",
                "url": "https://github.com/symfony/polyfill-mbstring.git",
                "reference": "d3d318bad5e7a1bfbd026009c8bfb8d8f99ae6b6"
            },
            "dist": {
                "type": "zip",
                "url": "https://api.github.com/repos/symfony/polyfill-mbstring/zipball/d3d318bad5e7a1bfbd026009c8bfb8d8f99ae6b6",
                "reference": "d3d318bad5e7a1bfbd026009c8bfb8d8f99ae6b6",
                "shasum": ""
            },
            "require": {
                "ext-iconv": "*",
                "php": ">=7.2"
            },
            "provide": {
                "ext-mbstring": "*"
            },
            "suggest": {
                "ext-mbstring": "For best performance"
            },
            "type": "library",
            "extra": {
                "thanks": {
                    "url": "https://github.com/symfony/polyfill",
                    "name": "symfony/polyfill"
                }
            },
            "autoload": {
                "files": [
                    "bootstrap.php"
                ],
                "psr-4": {
                    "Symfony\\Polyfill\\Mbstring\\": ""
                }
            },
            "notification-url": "https://packagist.org/downloads/",
            "license": [
                "MIT"
            ],
            "authors": [
                {
                    "name": "Nicolas Grekas",
                    "email": "p@tchwork.com"
                },
                {
                    "name": "Symfony Community",
                    "homepage": "https://symfony.com/contributors"
                }
            ],
            "description": "Symfony polyfill for the Mbstring extension",
            "homepage": "https://symfony.com",
            "keywords": [
                "compatibility",
                "mbstring",
                "polyfill",
                "portable",
                "shim"
            ],
            "support": {
                "source": "https://github.com/symfony/polyfill-mbstring/tree/v1.38.2"
            },
            "funding": [
                {
                    "url": "https://symfony.com/sponsor",
                    "type": "custom"
                },
                {
                    "url": "https://github.com/fabpot",
                    "type": "github"
                },
                {
                    "url": "https://github.com/nicolas-grekas",
                    "type": "github"
                },
                {
                    "url": "https://tidelift.com/funding/github/packagist/symfony/symfony",
                    "type": "tidelift"
                }
            ],
            "time": "2026-05-27T06:59:30+00:00"
        }
    ],
    "aliases": [],
    "minimum-stability": "stable",
    "stability-flags": {},
    "prefer-stable": false,
    "prefer-lowest": false,
    "platform": {
        "php": "^8.0"
    },
    "platform-dev": {},
    "plugin-api-version": "2.9.0"
}
